
Microsoft Visual Studio Solution File, Format Version 12.00
# Visual Studio Version 16
VisualStudioVersion = 25.0.1703.5
MinimumVisualStudioVersion = 10.0.40219.1
Project("{FAE04EC0-301F-11D3-BF4B-00C04F79EFBC}") = "CrudDemo", "CrudDemo.csproj", "{FDEB058E-3444-441E-89BB-ED925709C71A}"
EndProject
Global
	GlobalSection(SolutionConfigurationPlatforms) = preSolution
		Debug|Any CPU = Debug|Any CPU
		Release|Any CPU = Release|Any CPU
	EndGlobalSection
	GlobalSection(ProjectConfigurationPlatforms) = postSolution
		{FDEB058E-3444-441E-89BB-ED925709C71A}.Debug|Any CPU.ActiveCfg = Debug|Any CPU
		{FDEB058E-3444-441E-89BB-ED925709C71A}.Debug|Any CPU.Build.0 = Debug|Any CPU
		{FDEB058E-3444-441E-89BB-ED925709C71A}.Release|Any CPU.ActiveCfg = Release|Any CPU
		{FDEB058E-3444-441E-89BB-ED925709C71A}.Release|Any CPU.Build.0 = Release|Any CPU
	EndGlobalSection
	GlobalSection(SolutionProperties) = preSolution
		HideSolutionNode = FALSE
	EndGlobalSection
	GlobalSection(ExtensibilityGlobals) = postSolution
		SolutionGuid = {FCB9F1DE-F345-47A0-A428-6EBE3C2913B1}
	EndGlobalSection
EndGlobal
