
Microsoft Visual Studio Solution File, Format Version 12.00
# Visual Studio Version 17
VisualStudioVersion = 17.4.33213.308
MinimumVisualStudioVersion = 10.0.40219.1
Project("{FAE04EC0-301F-11D3-BF4B-00C04F79EFBC}") = "AzureAdDemo", "AzureAdDemo\AzureAdDemo.csproj", "{C350328F-5C19-47E2-A1F3-C129B0EA8228}"
EndProject
Global
	GlobalSection(SolutionConfigurationPlatforms) = preSolution
		Debug|Any CPU = Debug|Any CPU
		Release|Any CPU = Release|Any CPU
	EndGlobalSection
	GlobalSection(ProjectConfigurationPlatforms) = postSolution
		{C350328F-5C19-47E2-A1F3-C129B0EA8228}.Debug|Any CPU.ActiveCfg = Debug|Any CPU
		{C350328F-5C19-47E2-A1F3-C129B0EA8228}.Debug|Any CPU.Build.0 = Debug|Any CPU
		{C350328F-5C19-47E2-A1F3-C129B0EA8228}.Release|Any CPU.ActiveCfg = Release|Any CPU
		{C350328F-5C19-47E2-A1F3-C129B0EA8228}.Release|Any CPU.Build.0 = Release|Any CPU
	EndGlobalSection
	GlobalSection(SolutionProperties) = preSolution
		HideSolutionNode = FALSE
	EndGlobalSection
	GlobalSection(ExtensibilityGlobals) = postSolution
		SolutionGuid = {A7964710-B718-4883-958C-B4B3C194F267}
	EndGlobalSection
EndGlobal
